
Microsoft Visual Studio Solution File, Format Version 12.00
# Visual Studio Version 17
VisualStudioVersion = 17.7.34221.43
MinimumVisualStudioVersion = 10.0.40219.1
Project("{8BC9CEB8-8B4A-11D0-8D11-00A0C91BC942}") = "LEDController", "LEDController.vcxproj", "{C1804D37-3F2B-46D7-8422-34C372B08B5A}"
EndProject
Global
	GlobalSection(SolutionConfigurationPlatforms) = preSolution
		Debug|ARM = Debug|ARM
		Debug|ARM64 = Debug|ARM64
		Release|ARM = Release|ARM
		Release|ARM64 = Release|ARM64
	EndGlobalSection
	GlobalSection(ProjectConfigurationPlatforms) = postSolution
		{C1804D37-3F2B-46D7-8422-34C372B08B5A}.Debug|ARM.ActiveCfg = Debug|ARM
		{C1804D37-3F2B-46D7-8422-34C372B08B5A}.Debug|ARM.Build.0 = Debug|ARM
		{C1804D37-3F2B-46D7-8422-34C372B08B5A}.Debug|ARM.Deploy.0 = Debug|ARM
		{C1804D37-3F2B-46D7-8422-34C372B08B5A}.Debug|ARM64.ActiveCfg = Debug|ARM64
		{C1804D37-3F2B-46D7-8422-34C372B08B5A}.Debug|ARM64.Build.0 = Debug|ARM64
		{C1804D37-3F2B-46D7-8422-34C372B08B5A}.Debug|ARM64.Deploy.0 = Debug|ARM64
		{C1804D37-3F2B-46D7-8422-34C372B08B5A}.Release|ARM.ActiveCfg = Release|ARM
		{C1804D37-3F2B-46D7-8422-34C372B08B5A}.Release|ARM.Build.0 = Release|ARM
		{C1804D37-3F2B-46D7-8422-34C372B08B5A}.Release|ARM.Deploy.0 = Release|ARM
		{C1804D37-3F2B-46D7-8422-34C372B08B5A}.Release|ARM64.ActiveCfg = Release|ARM64
		{C1804D37-3F2B-46D7-8422-34C372B08B5A}.Release|ARM64.Build.0 = Release|ARM64
		{C1804D37-3F2B-46D7-8422-34C372B08B5A}.Release|ARM64.Deploy.0 = Release|ARM64
	EndGlobalSection
	GlobalSection(SolutionProperties) = preSolution
		HideSolutionNode = FALSE
	EndGlobalSection
	GlobalSection(ExtensibilityGlobals) = postSolution
		SolutionGuid = {EAEE76C4-3644-406E-9FC0-1F6E89E8D424}
	EndGlobalSection
EndGlobal
